
Microsoft Visual Studio Solution File, Format Version 12.00
# Visual Studio Version 17
VisualStudioVersion = 17.3.32825.248
MinimumVisualStudioVersion = 10.0.40219.1
Project("{2150E333-8FDC-42A3-9474-1A3956D46DE8}") = "src", "src", "{92A3CDE3-CE00-4FC3-8B20-E5C76EC27460}"
EndProject
Project("{2150E333-8FDC-42A3-9474-1A3956D46DE8}") = "Solution Items", "Solution Items", "{C1F6E595-1E5C-49AB-9355-B0F6848A2990}"
	ProjectSection(SolutionItems) = preProject
		ServiceUrls.txt = ServiceUrls.txt
	EndProjectSection
EndProject
Project("{2150E333-8FDC-42A3-9474-1A3956D46DE8}") = "ApiGateways", "ApiGateways", "{7C50A4DE-4A95-4641-900E-D457809F41EB}"
EndProject
Project("{2150E333-8FDC-42A3-9474-1A3956D46DE8}") = "BuildingBlocks", "BuildingBlocks", "{FFB73C4B-6D6D-4818-B7B5-A9795AE9F0AE}"
EndProject
Project("{2150E333-8FDC-42A3-9474-1A3956D46DE8}") = "Services", "Services", "{99F1383D-7039-45CC-B2C6-9E1DB5532AB6}"
EndProject
Project("{2150E333-8FDC-42A3-9474-1A3956D46DE8}") = "Clients", "Clients", "{46FDF102-A062-437B-BE55-9D8AD4864FC8}"
EndProject
Project("{2150E333-8FDC-42A3-9474-1A3956D46DE8}") = "WebGateway", "WebGateway", "{60322427-9A2E-4487-8651-0E864E7B62C4}"
EndProject
Project("{9A19103F-16F7-4668-BE54-9A1E7A4F7556}") = "Web.Api.Gateway", "src\ApiGateways\WebGateway\Web.Api.Gateway\Web.Api.Gateway.csproj", "{146B03B9-27D3-47AF-8E40-9BC24ED48450}"
EndProject
Project("{2150E333-8FDC-42A3-9474-1A3956D46DE8}") = "EventBus", "EventBus", "{9D79DFEB-D8F5-4C11-BBC5-BD71EA34045B}"
EndProject
Project("{9A19103F-16F7-4668-BE54-9A1E7A4F7556}") = "EventBus.Base", "src\BuildingBlocks\EventBus\EventBus.Base\EventBus.Base.csproj", "{992D670B-000B-443F-BAD3-42EED63DE84D}"
EndProject
Project("{9A19103F-16F7-4668-BE54-9A1E7A4F7556}") = "EventBus.AzureServiceBus", "src\BuildingBlocks\EventBus\EventBus.AzureServiceBus\EventBus.AzureServiceBus.csproj", "{82882714-CD26-4269-8621-C054A0B85118}"
EndProject
Project("{9A19103F-16F7-4668-BE54-9A1E7A4F7556}") = "EventBus.RabbitMq", "src\BuildingBlocks\EventBus\EventBus.RabbitMq\EventBus.RabbitMq.csproj", "{8D3FB9F0-E32E-4798-9994-2CBAFE947711}"
EndProject
Project("{2150E333-8FDC-42A3-9474-1A3956D46DE8}") = "BlazorWebApp", "BlazorWebApp", "{1D8111B1-E42C-430E-A154-267E2A8ECC36}"
EndProject
Project("{9A19103F-16F7-4668-BE54-9A1E7A4F7556}") = "WebApp", "src\Clients\BlazorWebApp\WebApp\WebApp.csproj", "{A1592C86-C298-4729-BC46-97E206FDD3F1}"
EndProject
Project("{2150E333-8FDC-42A3-9474-1A3956D46DE8}") = "BasketService", "BasketService", "{017FE9D9-17BC-4586-A880-0AC058194A49}"
EndProject
Project("{9A19103F-16F7-4668-BE54-9A1E7A4F7556}") = "BasketService.Api", "src\Services\BasketService\BasketService.Api\BasketService.Api.csproj", "{2088BABE-60BD-40C8-882A-C00EA9281895}"
EndProject
Project("{2150E333-8FDC-42A3-9474-1A3956D46DE8}") = "CatalogService", "CatalogService", "{D15305F9-7353-4A7D-8B6C-FE1138981A7A}"
EndProject
Project("{9A19103F-16F7-4668-BE54-9A1E7A4F7556}") = "CatalogService.Api", "src\Services\CatalogService\CatalogService.Api\CatalogService.Api.csproj", "{9CAF8779-DB44-4469-B88C-6B3990237541}"
EndProject
Project("{2150E333-8FDC-42A3-9474-1A3956D46DE8}") = "IdentityService", "IdentityService", "{F5F8F956-C324-4C87-9198-8FFCF22B93D2}"
EndProject
Project("{9A19103F-16F7-4668-BE54-9A1E7A4F7556}") = "IdentityService.Api", "src\Services\IdentityService\IdentityService.Api\IdentityService.Api.csproj", "{11137840-8E08-42C7-8C9C-10C8627D202F}"
EndProject
Project("{2150E333-8FDC-42A3-9474-1A3956D46DE8}") = "NotificationService", "NotificationService", "{D29CBE60-38DB-4BC2-8753-8664740893D4}"
EndProject
Project("{9A19103F-16F7-4668-BE54-9A1E7A4F7556}") = "NotificationService.Console", "src\Services\NotificationService\NotificationService.Console\NotificationService.Console.csproj", "{C479DD22-C031-41D8-89B5-BC1910A003AD}"
EndProject
Project("{2150E333-8FDC-42A3-9474-1A3956D46DE8}") = "OrderService", "OrderService", "{99505E9D-93D8-4E06-814A-DC4566CBCA48}"
EndProject
Project("{9A19103F-16F7-4668-BE54-9A1E7A4F7556}") = "OrderService.Domain", "src\Services\OrderService\OrderService.Domain\OrderService.Domain.csproj", "{F735077E-8B8F-4555-B48E-242A418FE822}"
EndProject
Project("{9A19103F-16F7-4668-BE54-9A1E7A4F7556}") = "OrderService.Application", "src\Services\OrderService\OrderService.Application\OrderService.Application.csproj", "{5D0F8B2D-1A3C-47AC-9C3F-3FD18AD3D5B5}"
EndProject
Project("{9A19103F-16F7-4668-BE54-9A1E7A4F7556}") = "OrderService.Infrastructure", "src\Services\OrderService\OrderService.Infrastructure\OrderService.Infrastructure.csproj", "{2DC30D08-D4D8-4EB3-9B9A-D35FC64EA0D9}"
EndProject
Project("{9A19103F-16F7-4668-BE54-9A1E7A4F7556}") = "OrderService.WebAPI", "src\Services\OrderService\OrderService.WebAPI\OrderService.WebAPI.csproj", "{F110F6E8-834D-4E2F-AF72-C25043EF6334}"
EndProject
Project("{2150E333-8FDC-42A3-9474-1A3956D46DE8}") = "PaymentService", "PaymentService", "{346EFBB2-0E85-444B-9805-52172E50B1E7}"
EndProject
Project("{9A19103F-16F7-4668-BE54-9A1E7A4F7556}") = "PaymentService.Api", "src\Services\PaymentService\PaymentService.Api\PaymentService.Api.csproj", "{0AC51D19-272F-44F0-A666-48A9F0A848B0}"
EndProject
Project("{FAE04EC0-301F-11D3-BF4B-00C04F79EFBC}") = "EventBus.Factory", "src\BuildingBlocks\EventBus\EventBus.Factory\EventBus.Factory.csproj", "{C49A9BBE-095E-415B-9D09-6CD1963F2B69}"
EndProject
Global
	GlobalSection(SolutionConfigurationPlatforms) = preSolution
		Debug|Any CPU = Debug|Any CPU
		Release|Any CPU = Release|Any CPU
	EndGlobalSection
	GlobalSection(ProjectConfigurationPlatforms) = postSolution
		{146B03B9-27D3-47AF-8E40-9BC24ED48450}.Debug|Any CPU.ActiveCfg = Debug|Any CPU
		{146B03B9-27D3-47AF-8E40-9BC24ED48450}.Debug|Any CPU.Build.0 = Debug|Any CPU
		{146B03B9-27D3-47AF-8E40-9BC24ED48450}.Release|Any CPU.ActiveCfg = Release|Any CPU
		{146B03B9-27D3-47AF-8E40-9BC24ED48450}.Release|Any CPU.Build.0 = Release|Any CPU
		{992D670B-000B-443F-BAD3-42EED63DE84D}.Debug|Any CPU.ActiveCfg = Debug|Any CPU
		{992D670B-000B-443F-BAD3-42EED63DE84D}.Debug|Any CPU.Build.0 = Debug|Any CPU
		{992D670B-000B-443F-BAD3-42EED63DE84D}.Release|Any CPU.ActiveCfg = Release|Any CPU
		{992D670B-000B-443F-BAD3-42EED63DE84D}.Release|Any CPU.Build.0 = Release|Any CPU
		{82882714-CD26-4269-8621-C054A0B85118}.Debug|Any CPU.ActiveCfg = Debug|Any CPU
		{82882714-CD26-4269-8621-C054A0B85118}.Debug|Any CPU.Build.0 = Debug|Any CPU
		{82882714-CD26-4269-8621-C054A0B85118}.Release|Any CPU.ActiveCfg = Release|Any CPU
		{82882714-CD26-4269-8621-C054A0B85118}.Release|Any CPU.Build.0 = Release|Any CPU
		{8D3FB9F0-E32E-4798-9994-2CBAFE947711}.Debug|Any CPU.ActiveCfg = Debug|Any CPU
		{8D3FB9F0-E32E-4798-9994-2CBAFE947711}.Debug|Any CPU.Build.0 = Debug|Any CPU
		{8D3FB9F0-E32E-4798-9994-2CBAFE947711}.Release|Any CPU.ActiveCfg = Release|Any CPU
		{8D3FB9F0-E32E-4798-9994-2CBAFE947711}.Release|Any CPU.Build.0 = Release|Any CPU
		{A1592C86-C298-4729-BC46-97E206FDD3F1}.Debug|Any CPU.ActiveCfg = Debug|Any CPU
		{A1592C86-C298-4729-BC46-97E206FDD3F1}.Debug|Any CPU.Build.0 = Debug|Any CPU
		{A1592C86-C298-4729-BC46-97E206FDD3F1}.Release|Any CPU.ActiveCfg = Release|Any CPU
		{A1592C86-C298-4729-BC46-97E206FDD3F1}.Release|Any CPU.Build.0 = Release|Any CPU
		{2088BABE-60BD-40C8-882A-C00EA9281895}.Debug|Any CPU.ActiveCfg = Debug|Any CPU
		{2088BABE-60BD-40C8-882A-C00EA9281895}.Debug|Any CPU.Build.0 = Debug|Any CPU
		{2088BABE-60BD-40C8-882A-C00EA9281895}.Release|Any CPU.ActiveCfg = Release|Any CPU
		{2088BABE-60BD-40C8-882A-C00EA9281895}.Release|Any CPU.Build.0 = Release|Any CPU
		{9CAF8779-DB44-4469-B88C-6B3990237541}.Debug|Any CPU.ActiveCfg = Debug|Any CPU
		{9CAF8779-DB44-4469-B88C-6B3990237541}.Debug|Any CPU.Build.0 = Debug|Any CPU
		{9CAF8779-DB44-4469-B88C-6B3990237541}.Release|Any CPU.ActiveCfg = Release|Any CPU
		{9CAF8779-DB44-4469-B88C-6B3990237541}.Release|Any CPU.Build.0 = Release|Any CPU
		{11137840-8E08-42C7-8C9C-10C8627D202F}.Debug|Any CPU.ActiveCfg = Debug|Any CPU
		{11137840-8E08-42C7-8C9C-10C8627D202F}.Debug|Any CPU.Build.0 = Debug|Any CPU
		{11137840-8E08-42C7-8C9C-10C8627D202F}.Release|Any CPU.ActiveCfg = Release|Any CPU
		{11137840-8E08-42C7-8C9C-10C8627D202F}.Release|Any CPU.Build.0 = Release|Any CPU
		{C479DD22-C031-41D8-89B5-BC1910A003AD}.Debug|Any CPU.ActiveCfg = Debug|Any CPU
		{C479DD22-C031-41D8-89B5-BC1910A003AD}.Debug|Any CPU.Build.0 = Debug|Any CPU
		{C479DD22-C031-41D8-89B5-BC1910A003AD}.Release|Any CPU.ActiveCfg = Release|Any CPU
		{C479DD22-C031-41D8-89B5-BC1910A003AD}.Release|Any CPU.Build.0 = Release|Any CPU
		{F735077E-8B8F-4555-B48E-242A418FE822}.Debug|Any CPU.ActiveCfg = Debug|Any CPU
		{F735077E-8B8F-4555-B48E-242A418FE822}.Debug|Any CPU.Build.0 = Debug|Any CPU
		{F735077E-8B8F-4555-B48E-242A418FE822}.Release|Any CPU.ActiveCfg = Release|Any CPU
		{F735077E-8B8F-4555-B48E-242A418FE822}.Release|Any CPU.Build.0 = Release|Any CPU
		{5D0F8B2D-1A3C-47AC-9C3F-3FD18AD3D5B5}.Debug|Any CPU.ActiveCfg = Debug|Any CPU
		{5D0F8B2D-1A3C-47AC-9C3F-3FD18AD3D5B5}.Debug|Any CPU.Build.0 = Debug|Any CPU
		{5D0F8B2D-1A3C-47AC-9C3F-3FD18AD3D5B5}.Release|Any CPU.ActiveCfg = Release|Any CPU
		{5D0F8B2D-1A3C-47AC-9C3F-3FD18AD3D5B5}.Release|Any CPU.Build.0 = Release|Any CPU
		{2DC30D08-D4D8-4EB3-9B9A-D35FC64EA0D9}.Debug|Any CPU.ActiveCfg = Debug|Any CPU
		{2DC30D08-D4D8-4EB3-9B9A-D35FC64EA0D9}.Debug|Any CPU.Build.0 = Debug|Any CPU
		{2DC30D08-D4D8-4EB3-9B9A-D35FC64EA0D9}.Release|Any CPU.ActiveCfg = Release|Any CPU
		{2DC30D08-D4D8-4EB3-9B9A-D35FC64EA0D9}.Release|Any CPU.Build.0 = Release|Any CPU
		{F110F6E8-834D-4E2F-AF72-C25043EF6334}.Debug|Any CPU.ActiveCfg = Debug|Any CPU
		{F110F6E8-834D-4E2F-AF72-C25043EF6334}.Debug|Any CPU.Build.0 = Debug|Any CPU
		{F110F6E8-834D-4E2F-AF72-C25043EF6334}.Release|Any CPU.ActiveCfg = Release|Any CPU
		{F110F6E8-834D-4E2F-AF72-C25043EF6334}.Release|Any CPU.Build.0 = Release|Any CPU
		{0AC51D19-272F-44F0-A666-48A9F0A848B0}.Debug|Any CPU.ActiveCfg = Debug|Any CPU
		{0AC51D19-272F-44F0-A666-48A9F0A848B0}.Debug|Any CPU.Build.0 = Debug|Any CPU
		{0AC51D19-272F-44F0-A666-48A9F0A848B0}.Release|Any CPU.ActiveCfg = Release|Any CPU
		{0AC51D19-272F-44F0-A666-48A9F0A848B0}.Release|Any CPU.Build.0 = Release|Any CPU
		{C49A9BBE-095E-415B-9D09-6CD1963F2B69}.Debug|Any CPU.ActiveCfg = Debug|Any CPU
		{C49A9BBE-095E-415B-9D09-6CD1963F2B69}.Debug|Any CPU.Build.0 = Debug|Any CPU
		{C49A9BBE-095E-415B-9D09-6CD1963F2B69}.Release|Any CPU.ActiveCfg = Release|Any CPU
		{C49A9BBE-095E-415B-9D09-6CD1963F2B69}.Release|Any CPU.Build.0 = Release|Any CPU
	EndGlobalSection
	GlobalSection(SolutionProperties) = preSolution
		HideSolutionNode = FALSE
	EndGlobalSection
	GlobalSection(NestedProjects) = preSolution
		{7C50A4DE-4A95-4641-900E-D457809F41EB} = {92A3CDE3-CE00-4FC3-8B20-E5C76EC27460}
		{FFB73C4B-6D6D-4818-B7B5-A9795AE9F0AE} = {92A3CDE3-CE00-4FC3-8B20-E5C76EC27460}
		{99F1383D-7039-45CC-B2C6-9E1DB5532AB6} = {92A3CDE3-CE00-4FC3-8B20-E5C76EC27460}
		{46FDF102-A062-437B-BE55-9D8AD4864FC8} = {92A3CDE3-CE00-4FC3-8B20-E5C76EC27460}
		{60322427-9A2E-4487-8651-0E864E7B62C4} = {7C50A4DE-4A95-4641-900E-D457809F41EB}
		{146B03B9-27D3-47AF-8E40-9BC24ED48450} = {60322427-9A2E-4487-8651-0E864E7B62C4}
		{9D79DFEB-D8F5-4C11-BBC5-BD71EA34045B} = {FFB73C4B-6D6D-4818-B7B5-A9795AE9F0AE}
		{992D670B-000B-443F-BAD3-42EED63DE84D} = {9D79DFEB-D8F5-4C11-BBC5-BD71EA34045B}
		{82882714-CD26-4269-8621-C054A0B85118} = {9D79DFEB-D8F5-4C11-BBC5-BD71EA34045B}
		{8D3FB9F0-E32E-4798-9994-2CBAFE947711} = {9D79DFEB-D8F5-4C11-BBC5-BD71EA34045B}
		{1D8111B1-E42C-430E-A154-267E2A8ECC36} = {46FDF102-A062-437B-BE55-9D8AD4864FC8}
		{A1592C86-C298-4729-BC46-97E206FDD3F1} = {1D8111B1-E42C-430E-A154-267E2A8ECC36}
		{017FE9D9-17BC-4586-A880-0AC058194A49} = {99F1383D-7039-45CC-B2C6-9E1DB5532AB6}
		{2088BABE-60BD-40C8-882A-C00EA9281895} = {017FE9D9-17BC-4586-A880-0AC058194A49}
		{D15305F9-7353-4A7D-8B6C-FE1138981A7A} = {99F1383D-7039-45CC-B2C6-9E1DB5532AB6}
		{9CAF8779-DB44-4469-B88C-6B3990237541} = {D15305F9-7353-4A7D-8B6C-FE1138981A7A}
		{F5F8F956-C324-4C87-9198-8FFCF22B93D2} = {99F1383D-7039-45CC-B2C6-9E1DB5532AB6}
		{11137840-8E08-42C7-8C9C-10C8627D202F} = {F5F8F956-C324-4C87-9198-8FFCF22B93D2}
		{D29CBE60-38DB-4BC2-8753-8664740893D4} = {99F1383D-7039-45CC-B2C6-9E1DB5532AB6}
		{C479DD22-C031-41D8-89B5-BC1910A003AD} = {D29CBE60-38DB-4BC2-8753-8664740893D4}
		{99505E9D-93D8-4E06-814A-DC4566CBCA48} = {99F1383D-7039-45CC-B2C6-9E1DB5532AB6}
		{F735077E-8B8F-4555-B48E-242A418FE822} = {99505E9D-93D8-4E06-814A-DC4566CBCA48}
		{5D0F8B2D-1A3C-47AC-9C3F-3FD18AD3D5B5} = {99505E9D-93D8-4E06-814A-DC4566CBCA48}
		{2DC30D08-D4D8-4EB3-9B9A-D35FC64EA0D9} = {99505E9D-93D8-4E06-814A-DC4566CBCA48}
		{F110F6E8-834D-4E2F-AF72-C25043EF6334} = {99505E9D-93D8-4E06-814A-DC4566CBCA48}
		{346EFBB2-0E85-444B-9805-52172E50B1E7} = {99F1383D-7039-45CC-B2C6-9E1DB5532AB6}
		{0AC51D19-272F-44F0-A666-48A9F0A848B0} = {346EFBB2-0E85-444B-9805-52172E50B1E7}
		{C49A9BBE-095E-415B-9D09-6CD1963F2B69} = {9D79DFEB-D8F5-4C11-BBC5-BD71EA34045B}
	EndGlobalSection
	GlobalSection(ExtensibilityGlobals) = postSolution
		SolutionGuid = {9DF4F3FA-E2B6-4828-BFA6-6472233CF988}
	EndGlobalSection
EndGlobal
